// !$*UTF8*$!
{
	archiveVersion = 1;
	classes = {
	};
	objectVersion = 46;
	objects = {

/* Begin PBXBuildFile section */
		771CB5691F06017D0079327D /* main.cpp in Sources */ = {isa = PBXBuildFile; fileRef = 771CB5681F06017D0079327D /* main.cpp */; };
		771CB5771F0607C00079327D /* libai.core.a in Frameworks */ = {isa = PBXBuildFile; fileRef = 771CB5761F0607C00079327D /* libai.core.a */; };
/* End PBXBuildFile section */

/* Begin PBXCopyFilesBuildPhase section */
		771CB5631F06017D0079327D /* CopyFiles */ = {
			isa = PBXCopyFilesBuildPhase;
			buildActionMask = 2147483647;
			dstPath = /usr/share/man/man1/;
			dstSubfolderSpec = 0;
			files = (
			);
			runOnlyForDeploymentPostprocessing = 1;
		};
/* End PBXCopyFilesBuildPhase section */

/* Begin PBXFileReference section */
		771CB5651F06017D0079327D /* ai.core.test */ = {isa = PBXFileReference; explicitFileType = "compiled.mach-o.executable"; includeInIndex = 0; path = ai.core.test; sourceTree = BUILT_PRODUCTS_DIR; };
		771CB5681F06017D0079327D /* main.cpp */ = {isa = PBXFileReference; lastKnownFileType = sourcecode.cpp.cpp; path = main.cpp; sourceTree = "<group>"; };
		771CB5761F0607C00079327D /* libai.core.a */ = {isa = PBXFileReference; lastKnownFileType = archive.ar; name = libai.core.a; path = "../../../../Library/Developer/Xcode/DerivedData/ai.core-dzxnsxueseobobhbtrvdaseeucvr/Build/Products/Debug/libai.core.a"; sourceTree = "<group>"; };
/* End PBXFileReference section */

/* Begin PBXFrameworksBuildPhase section */
		771CB5621F06017D0079327D /* Frameworks */ = {
			isa = PBXFrameworksBuildPhase;
			buildActionMask = 2147483647;
			files = (
				771CB5771F0607C00079327D /* libai.core.a in Frameworks */,
			);
			runOnlyForDeploymentPostprocessing = 0;
		};
/* End PBXFrameworksBuildPhase section */

/* Begin PBXGroup section */
		771CB55C1F06017D0079327D = {
			isa = PBXGroup;
			children = (
				771CB5671F06017D0079327D /* ai.core.test */,
				771CB5661F06017D0079327D /* Products */,
				771CB5751F0607BF0079327D /* Frameworks */,
			);
			sourceTree = "<group>";
		};
		771CB5661F06017D0079327D /* Products */ = {
			isa = PBXGroup;
			children = (
				771CB5651F06017D0079327D /* ai.core.test */,
			);
			name = Products;
			sourceTree = "<group>";
		};
		771CB5671F06017D0079327D /* ai.core.test */ = {
			isa = PBXGroup;
			children = (
				771CB5681F06017D0079327D /* main.cpp */,
			);
			path = ai.core.test;
			sourceTree = "<group>";
		};
		771CB5751F0607BF0079327D /* Frameworks */ = {
			isa = PBXGroup;
			children = (
				771CB5761F0607C00079327D /* libai.core.a */,
			);
			name = Frameworks;
			sourceTree = "<group>";
		};
/* End PBXGroup section */

/* Begin PBXNativeTarget section */
		771CB5641F06017D0079327D /* ai.core.test */ = {
			isa = PBXNativeTarget;
			buildConfigurationList = 771CB56C1F06017D0079327D /* Build configuration list for PBXNativeTarget "ai.core.test" */;
			buildPhases = (
				771CB5611F06017D0079327D /* Sources */,
				771CB5621F06017D0079327D /* Frameworks */,
				771CB5631F06017D0079327D /* CopyFiles */,
			);
			buildRules = (
			);
			dependencies = (
			);
			name = ai.core.test;
			productName = ai.core.test;
			productReference = 771CB5651F06017D0079327D /* ai.core.test */;
			productType = "com.apple.product-type.tool";
		};
/* End PBXNativeTarget section */

/* Begin PBXProject section */
		771CB55D1F06017D0079327D /* Project object */ = {
			isa = PBXProject;
			attributes = {
				LastUpgradeCheck = 0800;
				ORGANIZATIONNAME = "Viktor Kuznietsov";
				TargetAttributes = {
					771CB5641F06017D0079327D = {
						CreatedOnToolsVersion = 8.0;
						ProvisioningStyle = Automatic;
					};
				};
			};
			buildConfigurationList = 771CB5601F06017D0079327D /* Build configuration list for PBXProject "ai.core.test" */;
			compatibilityVersion = "Xcode 3.2";
			developmentRegion = English;
			hasScannedForEncodings = 0;
			knownRegions = (
				en,
			);
			mainGroup = 771CB55C1F06017D0079327D;
			productRefGroup = 771CB5661F06017D0079327D /* Products */;
			projectDirPath = "";
			projectRoot = "";
			targets = (
				771CB5641F06017D0079327D /* ai.core.test */,
			);
		};
/* End PBXProject section */

/* Begin PBXSourcesBuildPhase section */
		771CB5611F06017D0079327D /* Sources */ = {
			isa = PBXSourcesBuildPhase;
			buildActionMask = 2147483647;
			files = (
				771CB5691F06017D0079327D /* main.cpp in Sources */,
			);
			runOnlyForDeploymentPostprocessing = 0;
		};
/* End PBXSourcesBuildPhase section */

/* Begin XCBuildConfiguration section */
		771CB56A1F06017D0079327D /* Debug */ = {
			isa = XCBuildConfiguration;
			buildSettings = {
				ALWAYS_SEARCH_USER_PATHS = NO;
				CLANG_ANALYZER_NONNULL = YES;
				CLANG_CXX_LANGUAGE_STANDARD = "gnu++0x";
				CLANG_CXX_LIBRARY = "libc++";
				CLANG_ENABLE_MODULES = YES;
				CLANG_ENABLE_OBJC_ARC = YES;
				CLANG_WARN_BOOL_CONVERSION = YES;
				CLANG_WARN_CONSTANT_CONVERSION = YES;
				CLANG_WARN_DIRECT_OBJC_ISA_USAGE = YES_ERROR;
				CLANG_WARN_DOCUMENTATION_COMMENTS = YES;
				CLANG_WARN_EMPTY_BODY = YES;
				CLANG_WARN_ENUM_CONVERSION = YES;
				CLANG_WARN_INFINITE_RECURSION = YES;
				CLANG_WARN_INT_CONVERSION = YES;
				CLANG_WARN_OBJC_ROOT_CLASS = YES_ERROR;
				CLANG_WARN_SUSPICIOUS_MOVES = YES;
				CLANG_WARN_UNREACHABLE_CODE = YES;
				CLANG_WARN__DUPLICATE_METHOD_MATCH = YES;
				CODE_SIGN_IDENTITY = "-";
				COPY_PHASE_STRIP = NO;
				DEBUG_INFORMATION_FORMAT = dwarf;
				ENABLE_STRICT_OBJC_MSGSEND = YES;
				ENABLE_TESTABILITY = YES;
				GCC_C_LANGUAGE_STANDARD = gnu99;
				GCC_DYNAMIC_NO_PIC = NO;
				GCC_NO_COMMON_BLOCKS = YES;
				GCC_OPTIMIZATION_LEVEL = 0;
				GCC_PREPROCESSOR_DEFINITIONS = (
					"DEBUG=1",
					"$(inherited)",
				);
				GCC_WARN_64_TO_32_BIT_CONVERSION = YES;
				GCC_WARN_ABOUT_RETURN_TYPE = YES_ERROR;
				GCC_WARN_UNDECLARED_SELECTOR = YES;
				GCC_WARN_UNINITIALIZED_AUTOS = YES_AGGRESSIVE;
				GCC_WARN_UNUSED_FUNCTION = YES;
				GCC_WARN_UNUSED_VARIABLE = YES;
				MACOSX_DEPLOYMENT_TARGET = 10.12;
				MTL_ENABLE_DEBUG_INFO = YES;
				ONLY_ACTIVE_ARCH = YES;
				SDKROOT = macosx;
			};
			name = Debug;
		};
		771CB56B1F06017D0079327D /* Release */ = {
			isa = XCBuildConfiguration;
			buildSettings = {
				ALWAYS_SEARCH_USER_PATHS = NO;
				CLANG_ANALYZER_NONNULL = YES;
				CLANG_CXX_LANGUAGE_STANDARD = "gnu++0x";
				CLANG_CXX_LIBRARY = "libc++";
				CLANG_ENABLE_MODULES = YES;
				CLANG_ENABLE_OBJC_ARC = YES;
				CLANG_WARN_BOOL_CONVERSION = YES;
				CLANG_WARN_CONSTANT_CONVERSION = YES;
				CLANG_WARN_DIRECT_OBJC_ISA_USAGE = YES_ERROR;
				CLANG_WARN_DOCUMENTATION_COMMENTS = YES;
				CLANG_WARN_EMPTY_BODY = YES;
				CLANG_WARN_ENUM_CONVERSION = YES;
				CLANG_WARN_INFINITE_RECURSION = YES;
				CLANG_WARN_INT_CONVERSION = YES;
				CLANG_WARN_OBJC_ROOT_CLASS = YES_ERROR;
				CLANG_WARN_SUSPICIOUS_MOVES = YES;
				CLANG_WARN_UNREACHABLE_CODE = YES;
				CLANG_WARN__DUPLICATE_METHOD_MATCH = YES;
				CODE_SIGN_IDENTITY = "-";
				COPY_PHASE_STRIP = NO;
				DEBUG_INFORMATION_FORMAT = "dwarf-with-dsym";
				ENABLE_NS_ASSERTIONS = NO;
				ENABLE_STRICT_OBJC_MSGSEND = YES;
				GCC_C_LANGUAGE_STANDARD = gnu99;
				GCC_NO_COMMON_BLOCKS = YES;
				GCC_WARN_64_TO_32_BIT_CONVERSION = YES;
				GCC_WARN_ABOUT_RETURN_TYPE = YES_ERROR;
				GCC_WARN_UNDECLARED_SELECTOR = YES;
				GCC_WARN_UNINITIALIZED_AUTOS = YES_AGGRESSIVE;
				GCC_WARN_UNUSED_FUNCTION = YES;
				GCC_WARN_UNUSED_VARIABLE = YES;
				MACOSX_DEPLOYMENT_TARGET = 10.12;
				MTL_ENABLE_DEBUG_INFO = NO;
				SDKROOT = macosx;
			};
			name = Release;
		};
		771CB56D1F06017D0079327D /* Debug */ = {
			isa = XCBuildConfiguration;
			buildSettings = {
				HEADER_SEARCH_PATHS = /usr/local/Cellar/boost/1.64.0_1/include;
				LIBRARY_SEARCH_PATHS = /usr/local/Cellar/boost/1.64.0_1/lib;
				PRODUCT_NAME = "$(TARGET_NAME)";
			};
			name = Debug;
		};
		771CB56E1F06017D0079327D /* Release */ = {
			isa = XCBuildConfiguration;
			buildSettings = {
				HEADER_SEARCH_PATHS = /usr/local/Cellar/boost/1.64.0_1/include;
				LIBRARY_SEARCH_PATHS = /usr/local/Cellar/boost/1.64.0_1/lib;
				PRODUCT_NAME = "$(TARGET_NAME)";
			};
			name = Release;
		};
/* End XCBuildConfiguration section */

/* Begin XCConfigurationList section */
		771CB5601F06017D0079327D /* Build configuration list for PBXProject "ai.core.test" */ = {
			isa = XCConfigurationList;
			buildConfigurations = (
				771CB56A1F06017D0079327D /* Debug */,
				771CB56B1F06017D0079327D /* Release */,
			);
			defaultConfigurationIsVisible = 0;
			defaultConfigurationName = Release;
		};
		771CB56C1F06017D0079327D /* Build configuration list for PBXNativeTarget "ai.core.test" */ = {
			isa = XCConfigurationList;
			buildConfigurations = (
				771CB56D1F06017D0079327D /* Debug */,
				771CB56E1F06017D0079327D /* Release */,
			);
			defaultConfigurationIsVisible = 0;
			defaultConfigurationName = Release;
		};
/* End XCConfigurationList section */
	};
	rootObject = 771CB55D1F06017D0079327D /* Project object */;
}
